// !$*UTF8*$!
{
	archiveVersion = 1;
	classes = {
	};
	objectVersion = 46;
	objects = {

/* Begin PBXBuildFile section */
		E6DFFC8D1AC94E41003A0C35 /* AppDelegate.swift in Sources */ = {isa = PBXBuildFile; fileRef = E6DFFC8C1AC94E41003A0C35 /* AppDelegate.swift */; };
		E6DFFC8F1AC94E41003A0C35 /* ViewController.swift in Sources */ = {isa = PBXBuildFile; fileRef = E6DFFC8E1AC94E41003A0C35 /* ViewController.swift */; };
		E6DFFC911AC94E41003A0C35 /* Images.xcassets in Resources */ = {isa = PBXBuildFile; fileRef = E6DFFC901AC94E41003A0C35 /* Images.xcassets */; };
		E6DFFC941AC94E41003A0C35 /* Main.storyboard in Resources */ = {isa = PBXBuildFile; fileRef = E6DFFC921AC94E41003A0C35 /* Main.storyboard */; };
		E6DFFCA01AC94E41003A0C35 /* SwiftDigitalMotorControlTests.swift in Sources */ = {isa = PBXBuildFile; fileRef = E6DFFC9F1AC94E41003A0C35 /* SwiftDigitalMotorControlTests.swift */; };
		E6DFFCAA1AC94E71003A0C35 /* MathRoutines.swift in Sources */ = {isa = PBXBuildFile; fileRef = E6DFFCA91AC94E71003A0C35 /* MathRoutines.swift */; };
/* End PBXBuildFile section */

/* Begin PBXContainerItemProxy section */
		E6DFFC9A1AC94E41003A0C35 /* PBXContainerItemProxy */ = {
			isa = PBXContainerItemProxy;
			containerPortal = E6DFFC7F1AC94E41003A0C35 /* Project object */;
			proxyType = 1;
			remoteGlobalIDString = E6DFFC861AC94E41003A0C35;
			remoteInfo = SwiftDigitalMotorControl;
		};
/* End PBXContainerItemProxy section */

/* Begin PBXFileReference section */
		E6DFFC871AC94E41003A0C35 /* SwiftDigitalMotorControl.app */ = {isa = PBXFileReference; explicitFileType = wrapper.application; includeInIndex = 0; path = SwiftDigitalMotorControl.app; sourceTree = BUILT_PRODUCTS_DIR; };
		E6DFFC8B1AC94E41003A0C35 /* Info.plist */ = {isa = PBXFileReference; lastKnownFileType = text.plist.xml; path = Info.plist; sourceTree = "<group>"; };
		E6DFFC8C1AC94E41003A0C35 /* AppDelegate.swift */ = {isa = PBXFileReference; lastKnownFileType = sourcecode.swift; path = AppDelegate.swift; sourceTree = "<group>"; };
		E6DFFC8E1AC94E41003A0C35 /* ViewController.swift */ = {isa = PBXFileReference; lastKnownFileType = sourcecode.swift; path = ViewController.swift; sourceTree = "<group>"; };
		E6DFFC901AC94E41003A0C35 /* Images.xcassets */ = {isa = PBXFileReference; lastKnownFileType = folder.assetcatalog; path = Images.xcassets; sourceTree = "<group>"; };
		E6DFFC931AC94E41003A0C35 /* Base */ = {isa = PBXFileReference; lastKnownFileType = file.storyboard; name = Base; path = Base.lproj/Main.storyboard; sourceTree = "<group>"; };
		E6DFFC991AC94E41003A0C35 /* SwiftDigitalMotorControlTests.xctest */ = {isa = PBXFileReference; explicitFileType = wrapper.cfbundle; includeInIndex = 0; path = SwiftDigitalMotorControlTests.xctest; sourceTree = BUILT_PRODUCTS_DIR; };
		E6DFFC9E1AC94E41003A0C35 /* Info.plist */ = {isa = PBXFileReference; lastKnownFileType = text.plist.xml; path = Info.plist; sourceTree = "<group>"; };
		E6DFFC9F1AC94E41003A0C35 /* SwiftDigitalMotorControlTests.swift */ = {isa = PBXFileReference; lastKnownFileType = sourcecode.swift; path = SwiftDigitalMotorControlTests.swift; sourceTree = "<group>"; };
		E6DFFCA91AC94E71003A0C35 /* MathRoutines.swift */ = {isa = PBXFileReference; fileEncoding = 4; lastKnownFileType = sourcecode.swift; path = MathRoutines.swift; sourceTree = "<group>"; };
		E6DFFCAB1AC94F6A003A0C35 /* MyPlayground.playground */ = {isa = PBXFileReference; lastKnownFileType = file.playground; name = MyPlayground.playground; path = SwiftDigitalMotorControl/MyPlayground.playground; sourceTree = "<group>"; };
/* End PBXFileReference section */

/* Begin PBXFrameworksBuildPhase section */
		E6DFFC841AC94E41003A0C35 /* Frameworks */ = {
			isa = PBXFrameworksBuildPhase;
			buildActionMask = 2147483647;
			files = (
			);
			runOnlyForDeploymentPostprocessing = 0;
		};
		E6DFFC961AC94E41003A0C35 /* Frameworks */ = {
			isa = PBXFrameworksBuildPhase;
			buildActionMask = 2147483647;
			files = (
			);
			runOnlyForDeploymentPostprocessing = 0;
		};
/* End PBXFrameworksBuildPhase section */

/* Begin PBXGroup section */
		E6DFFC7E1AC94E41003A0C35 = {
			isa = PBXGroup;
			children = (
				E6DFFCAB1AC94F6A003A0C35 /* MyPlayground.playground */,
				E6DFFC891AC94E41003A0C35 /* SwiftDigitalMotorControl */,
				E6DFFC9C1AC94E41003A0C35 /* SwiftDigitalMotorControlTests */,
				E6DFFC881AC94E41003A0C35 /* Products */,
			);
			sourceTree = "<group>";
		};
		E6DFFC881AC94E41003A0C35 /* Products */ = {
			isa = PBXGroup;
			children = (
				E6DFFC871AC94E41003A0C35 /* SwiftDigitalMotorControl.app */,
				E6DFFC991AC94E41003A0C35 /* SwiftDigitalMotorControlTests.xctest */,
			);
			name = Products;
			sourceTree = "<group>";
		};
		E6DFFC891AC94E41003A0C35 /* SwiftDigitalMotorControl */ = {
			isa = PBXGroup;
			children = (
				E6DFFCA91AC94E71003A0C35 /* MathRoutines.swift */,
				E6DFFC8C1AC94E41003A0C35 /* AppDelegate.swift */,
				E6DFFC8E1AC94E41003A0C35 /* ViewController.swift */,
				E6DFFC901AC94E41003A0C35 /* Images.xcassets */,
				E6DFFC921AC94E41003A0C35 /* Main.storyboard */,
				E6DFFC8A1AC94E41003A0C35 /* Supporting Files */,
			);
			path = SwiftDigitalMotorControl;
			sourceTree = "<group>";
		};
		E6DFFC8A1AC94E41003A0C35 /* Supporting Files */ = {
			isa = PBXGroup;
			children = (
				E6DFFC8B1AC94E41003A0C35 /* Info.plist */,
			);
			name = "Supporting Files";
			sourceTree = "<group>";
		};
		E6DFFC9C1AC94E41003A0C35 /* SwiftDigitalMotorControlTests */ = {
			isa = PBXGroup;
			children = (
				E6DFFC9F1AC94E41003A0C35 /* SwiftDigitalMotorControlTests.swift */,
				E6DFFC9D1AC94E41003A0C35 /* Supporting Files */,
			);
			path = SwiftDigitalMotorControlTests;
			sourceTree = "<group>";
		};
		E6DFFC9D1AC94E41003A0C35 /* Supporting Files */ = {
			isa = PBXGroup;
			children = (
				E6DFFC9E1AC94E41003A0C35 /* Info.plist */,
			);
			name = "Supporting Files";
			sourceTree = "<group>";
		};
/* End PBXGroup section */

/* Begin PBXNativeTarget section */
		E6DFFC861AC94E41003A0C35 /* SwiftDigitalMotorControl */ = {
			isa = PBXNativeTarget;
			buildConfigurationList = E6DFFCA31AC94E41003A0C35 /* Build configuration list for PBXNativeTarget "SwiftDigitalMotorControl" */;
			buildPhases = (
				E6DFFC831AC94E41003A0C35 /* Sources */,
				E6DFFC841AC94E41003A0C35 /* Frameworks */,
				E6DFFC851AC94E41003A0C35 /* Resources */,
			);
			buildRules = (
			);
			dependencies = (
			);
			name = SwiftDigitalMotorControl;
			productName = SwiftDigitalMotorControl;
			productReference = E6DFFC871AC94E41003A0C35 /* SwiftDigitalMotorControl.app */;
			productType = "com.apple.product-type.application";
		};
		E6DFFC981AC94E41003A0C35 /* SwiftDigitalMotorControlTests */ = {
			isa = PBXNativeTarget;
			buildConfigurationList = E6DFFCA61AC94E41003A0C35 /* Build configuration list for PBXNativeTarget "SwiftDigitalMotorControlTests" */;
			buildPhases = (
				E6DFFC951AC94E41003A0C35 /* Sources */,
				E6DFFC961AC94E41003A0C35 /* Frameworks */,
				E6DFFC971AC94E41003A0C35 /* Resources */,
			);
			buildRules = (
			);
			dependencies = (
				E6DFFC9B1AC94E41003A0C35 /* PBXTargetDependency */,
			);
			name = SwiftDigitalMotorControlTests;
			productName = SwiftDigitalMotorControlTests;
			productReference = E6DFFC991AC94E41003A0C35 /* SwiftDigitalMotorControlTests.xctest */;
			productType = "com.apple.product-type.bundle.unit-test";
		};
/* End PBXNativeTarget section */

/* Begin PBXProject section */
		E6DFFC7F1AC94E41003A0C35 /* Project object */ = {
			isa = PBXProject;
			attributes = {
				LastUpgradeCheck = 0630;
				ORGANIZATIONNAME = "Electronic Innovations";
				TargetAttributes = {
					E6DFFC861AC94E41003A0C35 = {
						CreatedOnToolsVersion = 6.3;
					};
					E6DFFC981AC94E41003A0C35 = {
						CreatedOnToolsVersion = 6.3;
						TestTargetID = E6DFFC861AC94E41003A0C35;
					};
				};
			};
			buildConfigurationList = E6DFFC821AC94E41003A0C35 /* Build configuration list for PBXProject "SwiftDigitalMotorControl" */;
			compatibilityVersion = "Xcode 3.2";
			developmentRegion = English;
			hasScannedForEncodings = 0;
			knownRegions = (
				en,
				Base,
			);
			mainGroup = E6DFFC7E1AC94E41003A0C35;
			productRefGroup = E6DFFC881AC94E41003A0C35 /* Products */;
			projectDirPath = "";
			projectRoot = "";
			targets = (
				E6DFFC861AC94E41003A0C35 /* SwiftDigitalMotorControl */,
				E6DFFC981AC94E41003A0C35 /* SwiftDigitalMotorControlTests */,
			);
		};
/* End PBXProject section */

/* Begin PBXResourcesBuildPhase section */
		E6DFFC851AC94E41003A0C35 /* Resources */ = {
			isa = PBXResourcesBuildPhase;
			buildActionMask = 2147483647;
			files = (
				E6DFFC911AC94E41003A0C35 /* Images.xcassets in Resources */,
				E6DFFC941AC94E41003A0C35 /* Main.storyboard in Resources */,
			);
			runOnlyForDeploymentPostprocessing = 0;
		};
		E6DFFC971AC94E41003A0C35 /* Resources */ = {
			isa = PBXResourcesBuildPhase;
			buildActionMask = 2147483647;
			files = (
			);
			runOnlyForDeploymentPostprocessing = 0;
		};
/* End PBXResourcesBuildPhase section */

/* Begin PBXSourcesBuildPhase section */
		E6DFFC831AC94E41003A0C35 /* Sources */ = {
			isa = PBXSourcesBuildPhase;
			buildActionMask = 2147483647;
			files = (
				E6DFFC8F1AC94E41003A0C35 /* ViewController.swift in Sources */,
				E6DFFCAA1AC94E71003A0C35 /* MathRoutines.swift in Sources */,
				E6DFFC8D1AC94E41003A0C35 /* AppDelegate.swift in Sources */,
			);
			runOnlyForDeploymentPostprocessing = 0;
		};
		E6DFFC951AC94E41003A0C35 /* Sources */ = {
			isa = PBXSourcesBuildPhase;
			buildActionMask = 2147483647;
			files = (
				E6DFFCA01AC94E41003A0C35 /* SwiftDigitalMotorControlTests.swift in Sources */,
			);
			runOnlyForDeploymentPostprocessing = 0;
		};
/* End PBXSourcesBuildPhase section */

/* Begin PBXTargetDependency section */
		E6DFFC9B1AC94E41003A0C35 /* PBXTargetDependency */ = {
			isa = PBXTargetDependency;
			target = E6DFFC861AC94E41003A0C35 /* SwiftDigitalMotorControl */;
			targetProxy = E6DFFC9A1AC94E41003A0C35 /* PBXContainerItemProxy */;
		};
/* End PBXTargetDependency section */

/* Begin PBXVariantGroup section */
		E6DFFC921AC94E41003A0C35 /* Main.storyboard */ = {
			isa = PBXVariantGroup;
			children = (
				E6DFFC931AC94E41003A0C35 /* Base */,
			);
			name = Main.storyboard;
			sourceTree = "<group>";
		};
/* End PBXVariantGroup section */

/* Begin XCBuildConfiguration section */
		E6DFFCA11AC94E41003A0C35 /* Debug */ = {
			isa = XCBuildConfiguration;
			buildSettings = {
				ALWAYS_SEARCH_USER_PATHS = NO;
				CLANG_CXX_LANGUAGE_STANDARD = "gnu++0x";
				CLANG_CXX_LIBRARY = "libc++";
				CLANG_ENABLE_MODULES = YES;
				CLANG_ENABLE_OBJC_ARC = YES;
				CLANG_WARN_BOOL_CONVERSION = YES;
				CLANG_WARN_CONSTANT_CONVERSION = YES;
				CLANG_WARN_DIRECT_OBJC_ISA_USAGE = YES_ERROR;
				CLANG_WARN_EMPTY_BODY = YES;
				CLANG_WARN_ENUM_CONVERSION = YES;
				CLANG_WARN_INT_CONVERSION = YES;
				CLANG_WARN_OBJC_ROOT_CLASS = YES_ERROR;
				CLANG_WARN_UNREACHABLE_CODE = YES;
				CLANG_WARN__DUPLICATE_METHOD_MATCH = YES;
				CODE_SIGN_IDENTITY = "-";
				COPY_PHASE_STRIP = NO;
				DEBUG_INFORMATION_FORMAT = dwarf;
				ENABLE_STRICT_OBJC_MSGSEND = YES;
				GCC_C_LANGUAGE_STANDARD = gnu99;
				GCC_DYNAMIC_NO_PIC = NO;
				GCC_NO_COMMON_BLOCKS = YES;
				GCC_OPTIMIZATION_LEVEL = 0;
				GCC_PREPROCESSOR_DEFINITIONS = (
					"DEBUG=1",
					"$(inherited)",
				);
				GCC_SYMBOLS_PRIVATE_EXTERN = NO;
				GCC_WARN_64_TO_32_BIT_CONVERSION = YES;
				GCC_WARN_ABOUT_RETURN_TYPE = YES_ERROR;
				GCC_WARN_UNDECLARED_SELECTOR = YES;
				GCC_WARN_UNINITIALIZED_AUTOS = YES_AGGRESSIVE;
				GCC_WARN_UNUSED_FUNCTION = YES;
				GCC_WARN_UNUSED_VARIABLE = YES;
				MACOSX_DEPLOYMENT_TARGET = 10.10;
				MTL_ENABLE_DEBUG_INFO = YES;
				ONLY_ACTIVE_ARCH = YES;
				SDKROOT = macosx;
				SWIFT_OPTIMIZATION_LEVEL = "-Onone";
			};
			name = Debug;
		};
		E6DFFCA21AC94E41003A0C35 /* Release */ = {
			isa = XCBuildConfiguration;
			buildSettings = {
				ALWAYS_SEARCH_USER_PATHS = NO;
				CLANG_CXX_LANGUAGE_STANDARD = "gnu++0x";
				CLANG_CXX_LIBRARY = "libc++";
				CLANG_ENABLE_MODULES = YES;
				CLANG_ENABLE_OBJC_ARC = YES;
				CLANG_WARN_BOOL_CONVERSION = YES;
				CLANG_WARN_CONSTANT_CONVERSION = YES;
				CLANG_WARN_DIRECT_OBJC_ISA_USAGE = YES_ERROR;
				CLANG_WARN_EMPTY_BODY = YES;
				CLANG_WARN_ENUM_CONVERSION = YES;
				CLANG_WARN_INT_CONVERSION = YES;
				CLANG_WARN_OBJC_ROOT_CLASS = YES_ERROR;
				CLANG_WARN_UNREACHABLE_CODE = YES;
				CLANG_WARN__DUPLICATE_METHOD_MATCH = YES;
				CODE_SIGN_IDENTITY = "-";
				COPY_PHASE_STRIP = NO;
				DEBUG_INFORMATION_FORMAT = "dwarf-with-dsym";
				ENABLE_NS_ASSERTIONS = NO;
				ENABLE_STRICT_OBJC_MSGSEND = YES;
				GCC_C_LANGUAGE_STANDARD = gnu99;
				GCC_NO_COMMON_BLOCKS = YES;
				GCC_WARN_64_TO_32_BIT_CONVERSION = YES;
				GCC_WARN_ABOUT_RETURN_TYPE = YES_ERROR;
				GCC_WARN_UNDECLARED_SELECTOR = YES;
				GCC_WARN_UNINITIALIZED_AUTOS = YES_AGGRESSIVE;
				GCC_WARN_UNUSED_FUNCTION = YES;
				GCC_WARN_UNUSED_VARIABLE = YES;
				MACOSX_DEPLOYMENT_TARGET = 10.10;
				MTL_ENABLE_DEBUG_INFO = NO;
				SDKROOT = macosx;
			};
			name = Release;
		};
		E6DFFCA41AC94E41003A0C35 /* Debug */ = {
			isa = XCBuildConfiguration;
			buildSettings = {
				ASSETCATALOG_COMPILER_APPICON_NAME = AppIcon;
				COMBINE_HIDPI_IMAGES = YES;
				INFOPLIST_FILE = SwiftDigitalMotorControl/Info.plist;
				LD_RUNPATH_SEARCH_PATHS = "$(inherited) @executable_path/../Frameworks";
				PRODUCT_NAME = "$(TARGET_NAME)";
			};
			name = Debug;
		};
		E6DFFCA51AC94E41003A0C35 /* Release */ = {
			isa = XCBuildConfiguration;
			buildSettings = {
				ASSETCATALOG_COMPILER_APPICON_NAME = AppIcon;
				COMBINE_HIDPI_IMAGES = YES;
				INFOPLIST_FILE = SwiftDigitalMotorControl/Info.plist;
				LD_RUNPATH_SEARCH_PATHS = "$(inherited) @executable_path/../Frameworks";
				PRODUCT_NAME = "$(TARGET_NAME)";
			};
			name = Release;
		};
		E6DFFCA71AC94E41003A0C35 /* Debug */ = {
			isa = XCBuildConfiguration;
			buildSettings = {
				BUNDLE_LOADER = "$(TEST_HOST)";
				COMBINE_HIDPI_IMAGES = YES;
				FRAMEWORK_SEARCH_PATHS = (
					"$(DEVELOPER_FRAMEWORKS_DIR)",
					"$(inherited)",
				);
				GCC_PREPROCESSOR_DEFINITIONS = (
					"DEBUG=1",
					"$(inherited)",
				);
				INFOPLIST_FILE = SwiftDigitalMotorControlTests/Info.plist;
				LD_RUNPATH_SEARCH_PATHS = "$(inherited) @executable_path/../Frameworks @loader_path/../Frameworks";
				PRODUCT_NAME = "$(TARGET_NAME)";
				TEST_HOST = "$(BUILT_PRODUCTS_DIR)/SwiftDigitalMotorControl.app/Contents/MacOS/SwiftDigitalMotorControl";
			};
			name = Debug;
		};
		E6DFFCA81AC94E41003A0C35 /* Release */ = {
			isa = XCBuildConfiguration;
			buildSettings = {
				BUNDLE_LOADER = "$(TEST_HOST)";
				COMBINE_HIDPI_IMAGES = YES;
				FRAMEWORK_SEARCH_PATHS = (
					"$(DEVELOPER_FRAMEWORKS_DIR)",
					"$(inherited)",
				);
				INFOPLIST_FILE = SwiftDigitalMotorControlTests/Info.plist;
				LD_RUNPATH_SEARCH_PATHS = "$(inherited) @executable_path/../Frameworks @loader_path/../Frameworks";
				PRODUCT_NAME = "$(TARGET_NAME)";
				TEST_HOST = "$(BUILT_PRODUCTS_DIR)/SwiftDigitalMotorControl.app/Contents/MacOS/SwiftDigitalMotorControl";
			};
			name = Release;
		};
/* End XCBuildConfiguration section */

/* Begin XCConfigurationList section */
		E6DFFC821AC94E41003A0C35 /* Build configuration list for PBXProject "SwiftDigitalMotorControl" */ = {
			isa = XCConfigurationList;
			buildConfigurations = (
				E6DFFCA11AC94E41003A0C35 /* Debug */,
				E6DFFCA21AC94E41003A0C35 /* Release */,
			);
			defaultConfigurationIsVisible = 0;
			defaultConfigurationName = Release;
		};
		E6DFFCA31AC94E41003A0C35 /* Build configuration list for PBXNativeTarget "SwiftDigitalMotorControl" */ = {
			isa = XCConfigurationList;
			buildConfigurations = (
				E6DFFCA41AC94E41003A0C35 /* Debug */,
				E6DFFCA51AC94E41003A0C35 /* Release */,
			);
			defaultConfigurationIsVisible = 0;
		};
		E6DFFCA61AC94E41003A0C35 /* Build configuration list for PBXNativeTarget "SwiftDigitalMotorControlTests" */ = {
			isa = XCConfigurationList;
			buildConfigurations = (
				E6DFFCA71AC94E41003A0C35 /* Debug */,
				E6DFFCA81AC94E41003A0C35 /* Release */,
			);
			defaultConfigurationIsVisible = 0;
		};
/* End XCConfigurationList section */
	};
	rootObject = E6DFFC7F1AC94E41003A0C35 /* Project object */;
}
